// !$*UTF8*$!
{
	archiveVersion = 1;
	classes = {
	};
	objectVersion = 77;
	objects = {

/* Begin PBXContainerItemProxy section */
		DE06DB332E0DA5DF00661B31 /* PBXContainerItemProxy */ = {
			isa = PBXContainerItemProxy;
			containerPortal = DE06DB1D2E0DA5DE00661B31 /* Project object */;
			proxyType = 1;
			remoteGlobalIDString = DE06DB242E0DA5DE00661B31;
			remoteInfo = TasksHub;
		};
		DE06DB3D2E0DA5DF00661B31 /* PBXContainerItemProxy */ = {
			isa = PBXContainerItemProxy;
			containerPortal = DE06DB1D2E0DA5DE00661B31 /* Project object */;
			proxyType = 1;
			remoteGlobalIDString = DE06DB242E0DA5DE00661B31;
			remoteInfo = TasksHub;
		};
/* End PBXContainerItemProxy section */

/* Begin PBXFileReference section */
		DE06DB252E0DA5DE00661B31 /* TasksHub.app */ = {isa = PBXFileReference; explicitFileType = wrapper.application; includeInIndex = 0; path = TasksHub.app; sourceTree = BUILT_PRODUCTS_DIR; };
		DE06DB322E0DA5DF00661B31 /* TasksHubTests.xctest */ = {isa = PBXFileReference; explicitFileType = wrapper.cfbundle; includeInIndex = 0; path = TasksHubTests.xctest; sourceTree = BUILT_PRODUCTS_DIR; };
		DE06DB3C2E0DA5DF00661B31 /* TasksHubUITests.xctest */ = {isa = PBXFileReference; explicitFileType = wrapper.cfbundle; includeInIndex = 0; path = TasksHubUITests.xctest; sourceTree = BUILT_PRODUCTS_DIR; };
/* End PBXFileReference section */

/* Begin PBXFileSystemSynchronizedRootGroup section */
		DE06DB272E0DA5DE00661B31 /* TasksHub */ = {
			isa = PBXFileSystemSynchronizedRootGroup;
			path = TasksHub;
			sourceTree = "<group>";
		};
		DE06DB352E0DA5DF00661B31 /* TasksHubTests */ = {
			isa = PBXFileSystemSynchronizedRootGroup;
			path = TasksHubTests;
			sourceTree = "<group>";
		};
		DE06DB3F2E0DA5DF00661B31 /* TasksHubUITests */ = {
			isa = PBXFileSystemSynchronizedRootGroup;
			path = TasksHubUITests;
			sourceTree = "<group>";
		};
/* End PBXFileSystemSynchronizedRootGroup section */

/* Begin PBXFrameworksBuildPhase section */
		DE06DB222E0DA5DE00661B31 /* Frameworks */ = {
			isa = PBXFrameworksBuildPhase;
			buildActionMask = 2147483647;
			files = (
			);
			runOnlyForDeploymentPostprocessing = 0;
		};
		DE06DB2F2E0DA5DF00661B31 /* Frameworks */ = {
			isa = PBXFrameworksBuildPhase;
			buildActionMask = 2147483647;
			files = (
			);
			runOnlyForDeploymentPostprocessing = 0;
		};
		DE06DB392E0DA5DF00661B31 /* Frameworks */ = {
			isa = PBXFrameworksBuildPhase;
			buildActionMask = 2147483647;
			files = (
			);
			runOnlyForDeploymentPostprocessing = 0;
		};
/* End PBXFrameworksBuildPhase section */

/* Begin PBXGroup section */
		DE06DB1C2E0DA5DE00661B31 = {
			isa = PBXGroup;
			children = (
				DE06DB272E0DA5DE00661B31 /* TasksHub */,
				DE06DB352E0DA5DF00661B31 /* TasksHubTests */,
				DE06DB3F2E0DA5DF00661B31 /* TasksHubUITests */,
				DE06DB262E0DA5DE00661B31 /* Products */,
			);
			sourceTree = "<group>";
		};
		DE06DB262E0DA5DE00661B31 /* Products */ = {
			isa = PBXGroup;
			children = (
				DE06DB252E0DA5DE00661B31 /* TasksHub.app */,
				DE06DB322E0DA5DF00661B31 /* TasksHubTests.xctest */,
				DE06DB3C2E0DA5DF00661B31 /* TasksHubUITests.xctest */,
			);
			name = Products;
			sourceTree = "<group>";
		};
/* End PBXGroup section */

/* Begin PBXNativeTarget section */
		DE06DB242E0DA5DE00661B31 /* TasksHub */ = {
			isa = PBXNativeTarget;
			buildConfigurationList = DE06DB462E0DA5DF00661B31 /* Build configuration list for PBXNativeTarget "TasksHub" */;
			buildPhases = (
				DE06DB212E0DA5DE00661B31 /* Sources */,
				DE06DB222E0DA5DE00661B31 /* Frameworks */,
				DE06DB232E0DA5DE00661B31 /* Resources */,
			);
			buildRules = (
			);
			dependencies = (
			);
			fileSystemSynchronizedGroups = (
				DE06DB272E0DA5DE00661B31 /* TasksHub */,
			);
			name = TasksHub;
			packageProductDependencies = (
			);
			productName = TasksHub;
			productReference = DE06DB252E0DA5DE00661B31 /* TasksHub.app */;
			productType = "com.apple.product-type.application";
		};
		DE06DB312E0DA5DF00661B31 /* TasksHubTests */ = {
			isa = PBXNativeTarget;
			buildConfigurationList = DE06DB492E0DA5DF00661B31 /* Build configuration list for PBXNativeTarget "TasksHubTests" */;
			buildPhases = (
				DE06DB2E2E0DA5DF00661B31 /* Sources */,
				DE06DB2F2E0DA5DF00661B31 /* Frameworks */,
				DE06DB302E0DA5DF00661B31 /* Resources */,
			);
			buildRules = (
			);
			dependencies = (
				DE06DB342E0DA5DF00661B31 /* PBXTargetDependency */,
			);
			fileSystemSynchronizedGroups = (
				DE06DB352E0DA5DF00661B31 /* TasksHubTests */,
			);
			name = TasksHubTests;
			packageProductDependencies = (
			);
			productName = TasksHubTests;
			productReference = DE06DB322E0DA5DF00661B31 /* TasksHubTests.xctest */;
			productType = "com.apple.product-type.bundle.unit-test";
		};
		DE06DB3B2E0DA5DF00661B31 /* TasksHubUITests */ = {
			isa = PBXNativeTarget;
			buildConfigurationList = DE06DB4C2E0DA5DF00661B31 /* Build configuration list for PBXNativeTarget "TasksHubUITests" */;
			buildPhases = (
				DE06DB382E0DA5DF00661B31 /* Sources */,
				DE06DB392E0DA5DF00661B31 /* Frameworks */,
				DE06DB3A2E0DA5DF00661B31 /* Resources */,
			);
			buildRules = (
			);
			dependencies = (
				DE06DB3E2E0DA5DF00661B31 /* PBXTargetDependency */,
			);
			fileSystemSynchronizedGroups = (
				DE06DB3F2E0DA5DF00661B31 /* TasksHubUITests */,
			);
			name = TasksHubUITests;
			packageProductDependencies = (
			);
			productName = TasksHubUITests;
			productReference = DE06DB3C2E0DA5DF00661B31 /* TasksHubUITests.xctest */;
			productType = "com.apple.product-type.bundle.ui-testing";
		};
/* End PBXNativeTarget section */

/* Begin PBXProject section */
		DE06DB1D2E0DA5DE00661B31 /* Project object */ = {
			isa = PBXProject;
			attributes = {
				BuildIndependentTargetsInParallel = 1;
				LastSwiftUpdateCheck = 1630;
				LastUpgradeCheck = 1630;
				TargetAttributes = {
					DE06DB242E0DA5DE00661B31 = {
						CreatedOnToolsVersion = 16.3;
					};
					DE06DB312E0DA5DF00661B31 = {
						CreatedOnToolsVersion = 16.3;
						TestTargetID = DE06DB242E0DA5DE00661B31;
					};
					DE06DB3B2E0DA5DF00661B31 = {
						CreatedOnToolsVersion = 16.3;
						TestTargetID = DE06DB242E0DA5DE00661B31;
					};
				};
			};
			buildConfigurationList = DE06DB202E0DA5DE00661B31 /* Build configuration list for PBXProject "TasksHub" */;
			developmentRegion = en;
			hasScannedForEncodings = 0;
			knownRegions = (
				en,
				Base,
			);
			mainGroup = DE06DB1C2E0DA5DE00661B31;
			minimizedProjectReferenceProxies = 1;
			preferredProjectObjectVersion = 77;
			productRefGroup = DE06DB262E0DA5DE00661B31 /* Products */;
			projectDirPath = "";
			projectRoot = "";
			targets = (
				DE06DB242E0DA5DE00661B31 /* TasksHub */,
				DE06DB312E0DA5DF00661B31 /* TasksHubTests */,
				DE06DB3B2E0DA5DF00661B31 /* TasksHubUITests */,
			);
		};
/* End PBXProject section */

/* Begin PBXResourcesBuildPhase section */
		DE06DB232E0DA5DE00661B31 /* Resources */ = {
			isa = PBXResourcesBuildPhase;
			buildActionMask = 2147483647;
			files = (
			);
			runOnlyForDeploymentPostprocessing = 0;
		};
		DE06DB302E0DA5DF00661B31 /* Resources */ = {
			isa = PBXResourcesBuildPhase;
			buildActionMask = 2147483647;
			files = (
			);
			runOnlyForDeploymentPostprocessing = 0;
		};
		DE06DB3A2E0DA5DF00661B31 /* Resources */ = {
			isa = PBXResourcesBuildPhase;
			buildActionMask = 2147483647;
			files = (
			);
			runOnlyForDeploymentPostprocessing = 0;
		};
/* End PBXResourcesBuildPhase section */

/* Begin PBXSourcesBuildPhase section */
		DE06DB212E0DA5DE00661B31 /* Sources */ = {
			isa = PBXSourcesBuildPhase;
			buildActionMask = 2147483647;
			files = (
			);
			runOnlyForDeploymentPostprocessing = 0;
		};
		DE06DB2E2E0DA5DF00661B31 /* Sources */ = {
			isa = PBXSourcesBuildPhase;
			buildActionMask = 2147483647;
			files = (
			);
			runOnlyForDeploymentPostprocessing = 0;
		};
		DE06DB382E0DA5DF00661B31 /* Sources */ = {
			isa = PBXSourcesBuildPhase;
			buildActionMask = 2147483647;
			files = (
			);
			runOnlyForDeploymentPostprocessing = 0;
		};
/* End PBXSourcesBuildPhase section */

/* Begin PBXTargetDependency section */
		DE06DB342E0DA5DF00661B31 /* PBXTargetDependency */ = {
			isa = PBXTargetDependency;
			target = DE06DB242E0DA5DE00661B31 /* TasksHub */;
			targetProxy = DE06DB332E0DA5DF00661B31 /* PBXContainerItemProxy */;
		};
		DE06DB3E2E0DA5DF00661B31 /* PBXTargetDependency */ = {
			isa = PBXTargetDependency;
			target = DE06DB242E0DA5DE00661B31 /* TasksHub */;
			targetProxy = DE06DB3D2E0DA5DF00661B31 /* PBXContainerItemProxy */;
		};
/* End PBXTargetDependency section */

/* Begin XCBuildConfiguration section */
		DE06DB442E0DA5DF00661B31 /* Debug */ = {
			isa = XCBuildConfiguration;
			buildSettings = {
				ALWAYS_SEARCH_USER_PATHS = NO;
				ASSETCATALOG_COMPILER_GENERATE_SWIFT_ASSET_SYMBOL_EXTENSIONS = YES;
				CLANG_ANALYZER_NONNULL = YES;
				CLANG_ANALYZER_NUMBER_OBJECT_CONVERSION = YES_AGGRESSIVE;
				CLANG_CXX_LANGUAGE_STANDARD = "gnu++20";
				CLANG_ENABLE_MODULES = YES;
				CLANG_ENABLE_OBJC_ARC = YES;
				CLANG_ENABLE_OBJC_WEAK = YES;
				CLANG_WARN_BLOCK_CAPTURE_AUTORELEASING = YES;
				CLANG_WARN_BOOL_CONVERSION = YES;
				CLANG_WARN_COMMA = YES;
				CLANG_WARN_CONSTANT_CONVERSION = YES;
				CLANG_WARN_DEPRECATED_OBJC_IMPLEMENTATIONS = YES;
				CLANG_WARN_DIRECT_OBJC_ISA_USAGE = YES_ERROR;
				CLANG_WARN_DOCUMENTATION_COMMENTS = YES;
				CLANG_WARN_EMPTY_BODY = YES;
				CLANG_WARN_ENUM_CONVERSION = YES;
				CLANG_WARN_INFINITE_RECURSION = YES;
				CLANG_WARN_INT_CONVERSION = YES;
				CLANG_WARN_NON_LITERAL_NULL_CONVERSION = YES;
				CLANG_WARN_OBJC_IMPLICIT_RETAIN_SELF = YES;
				CLANG_WARN_OBJC_LITERAL_CONVERSION = YES;
				CLANG_WARN_OBJC_ROOT_CLASS = YES_ERROR;
				CLANG_WARN_QUOTED_INCLUDE_IN_FRAMEWORK_HEADER = YES;
				CLANG_WARN_RANGE_LOOP_ANALYSIS = YES;
				CLANG_WARN_STRICT_PROTOTYPES = YES;
				CLANG_WARN_SUSPICIOUS_MOVE = YES;
				CLANG_WARN_UNGUARDED_AVAILABILITY = YES_AGGRESSIVE;
				CLANG_WARN_UNREACHABLE_CODE = YES;
				CLANG_WARN__DUPLICATE_METHOD_MATCH = YES;
				COPY_PHASE_STRIP = NO;
				DEBUG_INFORMATION_FORMAT = dwarf;
				DEVELOPMENT_TEAM = 8PDY8D2V47;
				ENABLE_STRICT_OBJC_MSGSEND = YES;
				ENABLE_TESTABILITY = YES;
				ENABLE_USER_SCRIPT_SANDBOXING = YES;
				GCC_C_LANGUAGE_STANDARD = gnu17;
				GCC_DYNAMIC_NO_PIC = NO;
				GCC_NO_COMMON_BLOCKS = YES;
				GCC_OPTIMIZATION_LEVEL = 0;
				GCC_PREPROCESSOR_DEFINITIONS = (
					"DEBUG=1",
					"$(inherited)",
				);
				GCC_WARN_64_TO_32_BIT_CONVERSION = YES;
				GCC_WARN_ABOUT_RETURN_TYPE = YES_ERROR;
				GCC_WARN_UNDECLARED_SELECTOR = YES;
				GCC_WARN_UNINITIALIZED_AUTOS = YES_AGGRESSIVE;
				GCC_WARN_UNUSED_FUNCTION = YES;
				GCC_WARN_UNUSED_VARIABLE = YES;
				IPHONEOS_DEPLOYMENT_TARGET = 18.4;
				LOCALIZATION_PREFERS_STRING_CATALOGS = YES;
				MTL_ENABLE_DEBUG_INFO = INCLUDE_SOURCE;
				MTL_FAST_MATH = YES;
				ONLY_ACTIVE_ARCH = YES;
				SDKROOT = iphoneos;
				SWIFT_ACTIVE_COMPILATION_CONDITIONS = "DEBUG $(inherited)";
				SWIFT_OPTIMIZATION_LEVEL = "-Onone";
			};
			name = Debug;
		};
		DE06DB452E0DA5DF00661B31 /* Release */ = {
			isa = XCBuildConfiguration;
			buildSettings = {
				ALWAYS_SEARCH_USER_PATHS = NO;
				ASSETCATALOG_COMPILER_GENERATE_SWIFT_ASSET_SYMBOL_EXTENSIONS = YES;
				CLANG_ANALYZER_NONNULL = YES;
				CLANG_ANALYZER_NUMBER_OBJECT_CONVERSION = YES_AGGRESSIVE;
				CLANG_CXX_LANGUAGE_STANDARD = "gnu++20";
				CLANG_ENABLE_MODULES = YES;
				CLANG_ENABLE_OBJC_ARC = YES;
				CLANG_ENABLE_OBJC_WEAK = YES;
				CLANG_WARN_BLOCK_CAPTURE_AUTORELEASING = YES;
				CLANG_WARN_BOOL_CONVERSION = YES;
				CLANG_WARN_COMMA = YES;
				CLANG_WARN_CONSTANT_CONVERSION = YES;
				CLANG_WARN_DEPRECATED_OBJC_IMPLEMENTATIONS = YES;
				CLANG_WARN_DIRECT_OBJC_ISA_USAGE = YES_ERROR;
				CLANG_WARN_DOCUMENTATION_COMMENTS = YES;
				CLANG_WARN_EMPTY_BODY = YES;
				CLANG_WARN_ENUM_CONVERSION = YES;
				CLANG_WARN_INFINITE_RECURSION = YES;
				CLANG_WARN_INT_CONVERSION = YES;
				CLANG_WARN_NON_LITERAL_NULL_CONVERSION = YES;
				CLANG_WARN_OBJC_IMPLICIT_RETAIN_SELF = YES;
				CLANG_WARN_OBJC_LITERAL_CONVERSION = YES;
				CLANG_WARN_OBJC_ROOT_CLASS = YES_ERROR;
				CLANG_WARN_QUOTED_INCLUDE_IN_FRAMEWORK_HEADER = YES;
				CLANG_WARN_RANGE_LOOP_ANALYSIS = YES;
				CLANG_WARN_STRICT_PROTOTYPES = YES;
				CLANG_WARN_SUSPICIOUS_MOVE = YES;
				CLANG_WARN_UNGUARDED_AVAILABILITY = YES_AGGRESSIVE;
				CLANG_WARN_UNREACHABLE_CODE = YES;
				CLANG_WARN__DUPLICATE_METHOD_MATCH = YES;
				COPY_PHASE_STRIP = NO;
				DEBUG_INFORMATION_FORMAT = "dwarf-with-dsym";
				DEVELOPMENT_TEAM = 8PDY8D2V47;
				ENABLE_NS_ASSERTIONS = NO;
				ENABLE_STRICT_OBJC_MSGSEND = YES;
				ENABLE_USER_SCRIPT_SANDBOXING = YES;
				GCC_C_LANGUAGE_STANDARD = gnu17;
				GCC_NO_COMMON_BLOCKS = YES;
				GCC_WARN_64_TO_32_BIT_CONVERSION = YES;
				GCC_WARN_ABOUT_RETURN_TYPE = YES_ERROR;
				GCC_WARN_UNDECLARED_SELECTOR = YES;
				GCC_WARN_UNINITIALIZED_AUTOS = YES_AGGRESSIVE;
				GCC_WARN_UNUSED_FUNCTION = YES;
				GCC_WARN_UNUSED_VARIABLE = YES;
				IPHONEOS_DEPLOYMENT_TARGET = 18.4;
				LOCALIZATION_PREFERS_STRING_CATALOGS = YES;
				MTL_ENABLE_DEBUG_INFO = NO;
				MTL_FAST_MATH = YES;
				SDKROOT = iphoneos;
				SWIFT_COMPILATION_MODE = wholemodule;
				VALIDATE_PRODUCT = YES;
			};
			name = Release;
		};
		DE06DB472E0DA5DF00661B31 /* Debug */ = {
			isa = XCBuildConfiguration;
			buildSettings = {
				ASSETCATALOG_COMPILER_APPICON_NAME = AppIcon;
				ASSETCATALOG_COMPILER_GLOBAL_ACCENT_COLOR_NAME = AccentColor;
				CODE_SIGN_STYLE = Automatic;
				CURRENT_PROJECT_VERSION = 1;
				DEVELOPMENT_TEAM = 8PDY8D2V47;
				ENABLE_PREVIEWS = YES;
				GENERATE_INFOPLIST_FILE = YES;
				INFOPLIST_KEY_UIApplicationSceneManifest_Generation = YES;
				INFOPLIST_KEY_UIApplicationSupportsIndirectInputEvents = YES;
				INFOPLIST_KEY_UILaunchScreen_Generation = YES;
				INFOPLIST_KEY_UISupportedInterfaceOrientations_iPad = "UIInterfaceOrientationPortrait UIInterfaceOrientationPortraitUpsideDown UIInterfaceOrientationLandscapeLeft UIInterfaceOrientationLandscapeRight";
				INFOPLIST_KEY_UISupportedInterfaceOrientations_iPhone = "UIInterfaceOrientationPortrait UIInterfaceOrientationLandscapeLeft UIInterfaceOrientationLandscapeRight";
				LD_RUNPATH_SEARCH_PATHS = (
					"$(inherited)",
					"@executable_path/Frameworks",
				);
				MARKETING_VERSION = 1.0;
				PRODUCT_BUNDLE_IDENTIFIER = io.github.helloitshessam.TasksHub;
				PRODUCT_NAME = "$(TARGET_NAME)";
				SWIFT_EMIT_LOC_STRINGS = YES;
				SWIFT_VERSION = 5.0;
				TARGETED_DEVICE_FAMILY = "1,2";
			};
			name = Debug;
		};
		DE06DB482E0DA5DF00661B31 /* Release */ = {
			isa = XCBuildConfiguration;
			buildSettings = {
				ASSETCATALOG_COMPILER_APPICON_NAME = AppIcon;
				ASSETCATALOG_COMPILER_GLOBAL_ACCENT_COLOR_NAME = AccentColor;
				CODE_SIGN_STYLE = Automatic;
				CURRENT_PROJECT_VERSION = 1;
				DEVELOPMENT_TEAM = 8PDY8D2V47;
				ENABLE_PREVIEWS = YES;
				GENERATE_INFOPLIST_FILE = YES;
				INFOPLIST_KEY_UIApplicationSceneManifest_Generation = YES;
				INFOPLIST_KEY_UIApplicationSupportsIndirectInputEvents = YES;
				INFOPLIST_KEY_UILaunchScreen_Generation = YES;
				INFOPLIST_KEY_UISupportedInterfaceOrientations_iPad = "UIInterfaceOrientationPortrait UIInterfaceOrientationPortraitUpsideDown UIInterfaceOrientationLandscapeLeft UIInterfaceOrientationLandscapeRight";
				INFOPLIST_KEY_UISupportedInterfaceOrientations_iPhone = "UIInterfaceOrientationPortrait UIInterfaceOrientationLandscapeLeft UIInterfaceOrientationLandscapeRight";
				LD_RUNPATH_SEARCH_PATHS = (
					"$(inherited)",
					"@executable_path/Frameworks",
				);
				MARKETING_VERSION = 1.0;
				PRODUCT_BUNDLE_IDENTIFIER = io.github.helloitshessam.TasksHub;
				PRODUCT_NAME = "$(TARGET_NAME)";
				SWIFT_EMIT_LOC_STRINGS = YES;
				SWIFT_VERSION = 5.0;
				TARGETED_DEVICE_FAMILY = "1,2";
			};
			name = Release;
		};
		DE06DB4A2E0DA5DF00661B31 /* Debug */ = {
			isa = XCBuildConfiguration;
			buildSettings = {
				BUNDLE_LOADER = "$(TEST_HOST)";
				CODE_SIGN_STYLE = Automatic;
				CURRENT_PROJECT_VERSION = 1;
				DEVELOPMENT_TEAM = 8PDY8D2V47;
				GENERATE_INFOPLIST_FILE = YES;
				IPHONEOS_DEPLOYMENT_TARGET = 18.4;
				MARKETING_VERSION = 1.0;
				PRODUCT_BUNDLE_IDENTIFIER = io.github.helloitshessam.TasksHubTests;
				PRODUCT_NAME = "$(TARGET_NAME)";
				SWIFT_EMIT_LOC_STRINGS = NO;
				SWIFT_VERSION = 5.0;
				TARGETED_DEVICE_FAMILY = "1,2";
				TEST_HOST = "$(BUILT_PRODUCTS_DIR)/TasksHub.app/$(BUNDLE_EXECUTABLE_FOLDER_PATH)/TasksHub";
			};
			name = Debug;
		};
		DE06DB4B2E0DA5DF00661B31 /* Release */ = {
			isa = XCBuildConfiguration;
			buildSettings = {
				BUNDLE_LOADER = "$(TEST_HOST)";
				CODE_SIGN_STYLE = Automatic;
				CURRENT_PROJECT_VERSION = 1;
				DEVELOPMENT_TEAM = 8PDY8D2V47;
				GENERATE_INFOPLIST_FILE = YES;
				IPHONEOS_DEPLOYMENT_TARGET = 18.4;
				MARKETING_VERSION = 1.0;
				PRODUCT_BUNDLE_IDENTIFIER = io.github.helloitshessam.TasksHubTests;
				PRODUCT_NAME = "$(TARGET_NAME)";
				SWIFT_EMIT_LOC_STRINGS = NO;
				SWIFT_VERSION = 5.0;
				TARGETED_DEVICE_FAMILY = "1,2";
				TEST_HOST = "$(BUILT_PRODUCTS_DIR)/TasksHub.app/$(BUNDLE_EXECUTABLE_FOLDER_PATH)/TasksHub";
			};
			name = Release;
		};
		DE06DB4D2E0DA5DF00661B31 /* Debug */ = {
			isa = XCBuildConfiguration;
			buildSettings = {
				CODE_SIGN_STYLE = Automatic;
				CURRENT_PROJECT_VERSION = 1;
				DEVELOPMENT_TEAM = 8PDY8D2V47;
				GENERATE_INFOPLIST_FILE = YES;
				MARKETING_VERSION = 1.0;
				PRODUCT_BUNDLE_IDENTIFIER = io.github.helloitshessam.TasksHubUITests;
				PRODUCT_NAME = "$(TARGET_NAME)";
				SWIFT_EMIT_LOC_STRINGS = NO;
				SWIFT_VERSION = 5.0;
				TARGETED_DEVICE_FAMILY = "1,2";
				TEST_TARGET_NAME = TasksHub;
			};
			name = Debug;
		};
		DE06DB4E2E0DA5DF00661B31 /* Release */ = {
			isa = XCBuildConfiguration;
			buildSettings = {
				CODE_SIGN_STYLE = Automatic;
				CURRENT_PROJECT_VERSION = 1;
				DEVELOPMENT_TEAM = 8PDY8D2V47;
				GENERATE_INFOPLIST_FILE = YES;
				MARKETING_VERSION = 1.0;
				PRODUCT_BUNDLE_IDENTIFIER = io.github.helloitshessam.TasksHubUITests;
				PRODUCT_NAME = "$(TARGET_NAME)";
				SWIFT_EMIT_LOC_STRINGS = NO;
				SWIFT_VERSION = 5.0;
				TARGETED_DEVICE_FAMILY = "1,2";
				TEST_TARGET_NAME = TasksHub;
			};
			name = Release;
		};
/* End XCBuildConfiguration section */

/* Begin XCConfigurationList section */
		DE06DB202E0DA5DE00661B31 /* Build configuration list for PBXProject "TasksHub" */ = {
			isa = XCConfigurationList;
			buildConfigurations = (
				DE06DB442E0DA5DF00661B31 /* Debug */,
				DE06DB452E0DA5DF00661B31 /* Release */,
			);
			defaultConfigurationIsVisible = 0;
			defaultConfigurationName = Release;
		};
		DE06DB462E0DA5DF00661B31 /* Build configuration list for PBXNativeTarget "TasksHub" */ = {
			isa = XCConfigurationList;
			buildConfigurations = (
				DE06DB472E0DA5DF00661B31 /* Debug */,
				DE06DB482E0DA5DF00661B31 /* Release */,
			);
			defaultConfigurationIsVisible = 0;
			defaultConfigurationName = Release;
		};
		DE06DB492E0DA5DF00661B31 /* Build configuration list for PBXNativeTarget "TasksHubTests" */ = {
			isa = XCConfigurationList;
			buildConfigurations = (
				DE06DB4A2E0DA5DF00661B31 /* Debug */,
				DE06DB4B2E0DA5DF00661B31 /* Release */,
			);
			defaultConfigurationIsVisible = 0;
			defaultConfigurationName = Release;
		};
		DE06DB4C2E0DA5DF00661B31 /* Build configuration list for PBXNativeTarget "TasksHubUITests" */ = {
			isa = XCConfigurationList;
			buildConfigurations = (
				DE06DB4D2E0DA5DF00661B31 /* Debug */,
				DE06DB4E2E0DA5DF00661B31 /* Release */,
			);
			defaultConfigurationIsVisible = 0;
			defaultConfigurationName = Release;
		};
/* End XCConfigurationList section */
	};
	rootObject = DE06DB1D2E0DA5DE00661B31 /* Project object */;
}
